<?xml version="1.0" encoding="UTF-8" standalone="yes" ?>
<CodeBlocks_project_file>
	<FileVersion major="1" minor="6" />
	<Project>
		<Option title="Generic Samples" />
		<Option pch_mode="2" />
		<Option compiler="gcc" />
		<Build>
			<Target title="Debug">
				<Option output="bin/Debug/Generic Samples" prefix_auto="1" extension_auto="1" />
				<Option object_output="obj/Debug/" />
				<Option type="1" />
				<Option compiler="gcc" />
				<Compiler>
					<Add option="-Og" />
					<Add option="-g" />
					<Add directory="include" />
				</Compiler>
			</Target>
			<Target title="Release">
				<Option output="bin/Release/Generic Samples" prefix_auto="1" extension_auto="1" />
				<Option object_output="obj/Release/" />
				<Option type="1" />
				<Option compiler="gcc" />
				<Compiler>
					<Add option="-fexpensive-optimizations" />
					<Add option="-flto" />
					<Add directory="include" />
				</Compiler>
				<Linker>
					<Add option="-flto" />
					<Add option="-s" />
				</Linker>
			</Target>
		</Build>
		<Compiler>
			<Add option="-Wall" />
			<Add option="-std=c++1z" />
			<Add option="-m32" />
			<Add option="-fexceptions -Wno-write-strings" />
			<Add directory="include" />
		</Compiler>
		<Linker>
			<Add option="-m32" />
		</Linker>
		<Unit filename="asm/atoi.asm" />
		<Unit filename="asm/bcopy.asm" />
		<Unit filename="asm/bitcount.asm" />
		<Unit filename="asm/bubbleSort.asm" />
		<Unit filename="asm/bzero.asm" />
		<Unit filename="asm/cocktailSort.asm" />
		<Unit filename="asm/combSort.asm" />
		<Unit filename="asm/floorLog2.asm" />
		<Unit filename="asm/fpow.asm" />
		<Unit filename="asm/getFibonnaci.asm" />
		<Unit filename="asm/getGreatestCommonDivider.asm" />
		<Unit filename="asm/getInstructionSet.asm" />
		<Unit filename="asm/getbits.asm" />
		<Unit filename="asm/gnomeSort.asm" />
		<Unit filename="asm/isAlphabetic.asm" />
		<Unit filename="asm/isPossibleIdentifier.asm" />
		<Unit filename="asm/isSuffix.asm" />
		<Unit filename="asm/memchr.asm" />
		<Unit filename="asm/memcmp.asm" />
		<Unit filename="asm/memcpy.asm" />
		<Unit filename="asm/memmove.asm" />
		<Unit filename="asm/memset.asm" />
		<Unit filename="asm/pow.asm" />
		<Unit filename="asm/readTSC.asm" />
		<Unit filename="asm/reverseString.asm" />
		<Unit filename="asm/strcat.asm" />
		<Unit filename="asm/strchr.asm" />
		<Unit filename="asm/strcmp.asm" />
		<Unit filename="asm/strcpy.asm" />
		<Unit filename="asm/strlen.asm" />
		<Unit filename="asm/strncat.asm" />
		<Unit filename="asm/strncmp.asm" />
		<Unit filename="asm/strncpy.asm" />
		<Unit filename="asm/strnlen.asm" />
		<Unit filename="asm/strrchr.asm" />
		<Unit filename="include/assemblyFunctions.h" />
		<Unit filename="include/comparisons.h" />
		<Unit filename="include/myRand.h" />
		<Unit filename="include/tests.h" />
		<Unit filename="main.cpp" />
		<Unit filename="src/comparisons.cpp" />
		<Unit filename="src/tests.cpp" />
		<Extensions>
			<code_completion />
			<envvars />
			<debugger />
			<lib_finder disable_auto="1" />
		</Extensions>
	</Project>
</CodeBlocks_project_file>
