<?xml version="1.0" encoding="UTF-8" standalone="yes" ?>
<CodeBlocks_project_file>
	<FileVersion major="1" minor="6" />
	<Project>
		<Option title="Generic Samples" />
		<Option pch_mode="2" />
		<Option compiler="gcc" />
		<Build>
			<Target title="Debug">
				<Option output="bin/Debug/Generic Samples" prefix_auto="1" extension_auto="1" />
				<Option object_output="obj/Debug/" />
				<Option type="1" />
				<Option compiler="gcc" />
				<Compiler>
					<Add option="-Og" />
					<Add option="-g" />
				</Compiler>
			</Target>
			<Target title="Release">
				<Option output="bin/Release/Generic Samples" prefix_auto="1" extension_auto="1" />
				<Option object_output="obj/Release/" />
				<Option type="1" />
				<Option compiler="gcc" />
				<Compiler>
					<Add option="-fomit-frame-pointer" />
					<Add option="-fexpensive-optimizations" />
					<Add option="-flto" />
					<Add option="-O3" />
				</Compiler>
				<Linker>
					<Add option="-flto" />
					<Add option="-s" />
				</Linker>
			</Target>
		</Build>
		<Compiler>
			<Add option="-Wall" />
			<Add option="-std=c++1z" />
			<Add option="-m32" />
			<Add option="-fexceptions" />
		</Compiler>
		<Linker>
			<Add option="-m32" />
		</Linker>
		<Unit filename="assemblyFunctions.h" />
		<Unit filename="atoi.asm" />
		<Unit filename="bitcount.asm" />
		<Unit filename="copyInputToOutput.asm" />
		<Unit filename="countCharsInInput.asm" />
		<Unit filename="countLinesWordsCharsInInput.asm" />
		<Unit filename="floorLog2.asm" />
		<Unit filename="fpow.asm" />
		<Unit filename="fsquare.asm" />
		<Unit filename="getProcessorName.asm" />
		<Unit filename="getbits.asm" />
		<Unit filename="ldsquare.asm" />
		<Unit filename="main.cpp" />
		<Unit filename="memchr.asm" />
		<Unit filename="memcpy.asm" />
		<Unit filename="memset.asm" />
		<Unit filename="myRand.h" />
		<Unit filename="pow.asm" />
		<Unit filename="qRSqrt.asm" />
		<Unit filename="readTSC.asm" />
		<Unit filename="reverseString.asm" />
		<Unit filename="sinxpnx.asm" />
		<Unit filename="square32-64.asm" />
		<Unit filename="strlen.asm" />
		<Unit filename="strnset.asm" />
		<Unit filename="strrchr.asm" />
		<Unit filename="strset.asm" />
		<Extensions>
			<code_completion />
			<envvars />
			<debugger />
			<lib_finder disable_auto="1" />
		</Extensions>
	</Project>
</CodeBlocks_project_file>
